<Solution>
  <Folder Name="/_/">
    <File Path="Directory.Build.props" />
    <File Path="Directory.Packages.props" />
  </Folder>
  <Project Path="DandyEventStore.Persistence.Sql.Npgsql\DandyEventStore.Persistence.Sql.Npgsql.csproj" />
  <Project Path="DandyEventStore.Persistence.Sql/DandyEventStore.Persistence.Sql.csproj" />
  <Project Path="DandyEventStore.Serialization.NewtonsoftJson/DandyEventStore.Serialization.NewtonsoftJson.csproj" />
  <Project Path="DandyEventStore.Serialization.SystemTextJson/DandyEventStore.Serialization.SystemTextJson.csproj" />
  <Project Path="DandyEventStore.Tests/DandyEventStore.Tests.csproj" />
  <Project Path="DandyEventStore/DandyEventStore.csproj" />
</Solution>
